
Microsoft Visual Studio Solution File, Format Version 12.00
# Visual Studio 15
VisualStudioVersion = 15.0.28307.106
MinimumVisualStudioVersion = 10.0.40219.1
Project("{FAE04EC0-301F-11D3-BF4B-00C04F79EFBC}") = "EjemploInterfaceCantante", "EjemploInterfaceCantante\EjemploInterfaceCantante.csproj", "{6130F8B5-4FAF-4980-99E8-CB10C545D9DB}"
EndProject
Global
	GlobalSection(SolutionConfigurationPlatforms) = preSolution
		Debug|Any CPU = Debug|Any CPU
		Release|Any CPU = Release|Any CPU
	EndGlobalSection
	GlobalSection(ProjectConfigurationPlatforms) = postSolution
		{6130F8B5-4FAF-4980-99E8-CB10C545D9DB}.Debug|Any CPU.ActiveCfg = Debug|Any CPU
		{6130F8B5-4FAF-4980-99E8-CB10C545D9DB}.Debug|Any CPU.Build.0 = Debug|Any CPU
		{6130F8B5-4FAF-4980-99E8-CB10C545D9DB}.Release|Any CPU.ActiveCfg = Release|Any CPU
		{6130F8B5-4FAF-4980-99E8-CB10C545D9DB}.Release|Any CPU.Build.0 = Release|Any CPU
	EndGlobalSection
	GlobalSection(SolutionProperties) = preSolution
		HideSolutionNode = FALSE
	EndGlobalSection
	GlobalSection(ExtensibilityGlobals) = postSolution
		SolutionGuid = {89AF412F-E3B9-4F10-8C48-D9DDA491E924}
	EndGlobalSection
EndGlobal
